
Microsoft Visual Studio Solution File, Format Version 12.00
# Visual Studio Version 17
VisualStudioVersion = 17.9.34714.143
MinimumVisualStudioVersion = 10.0.40219.1
Project("{9A19103F-16F7-4668-BE54-9A1E7A4F7556}") = "Core", "Core\Core.csproj", "{911D8C8D-5EC2-4C3D-B2A6-F0FD7BA25666}"
EndProject
Project("{9A19103F-16F7-4668-BE54-9A1E7A4F7556}") = "Entities", "Entities\Entities.csproj", "{1375AFA4-D1F6-4276-9EF3-97AC88027371}"
EndProject
Project("{9A19103F-16F7-4668-BE54-9A1E7A4F7556}") = "DataAccess", "DataAccess\DataAccess.csproj", "{8E35A9E6-3F64-46E9-9562-5C0278D5AC2A}"
EndProject
Project("{9A19103F-16F7-4668-BE54-9A1E7A4F7556}") = "Business", "Business\Business.csproj", "{8F89BA95-8440-4841-811F-922298AD0B77}"
EndProject
Project("{2150E333-8FDC-42A3-9474-1A3956D46DE8}") = "Solution Items", "Solution Items", "{3971F5B0-7B8C-43B8-9F8D-C2E9E27C77E7}"
	ProjectSection(SolutionItems) = preProject
		.editorconfig = .editorconfig
	EndProjectSection
EndProject
Project("{FAE04EC0-301F-11D3-BF4B-00C04F79EFBC}") = "UI.Win", "UI.Win\UI.Win.csproj", "{5679FA85-C934-4764-AE44-93736BD73C60}"
EndProject
Global
	GlobalSection(SolutionConfigurationPlatforms) = preSolution
		Debug|Any CPU = Debug|Any CPU
		Release|Any CPU = Release|Any CPU
	EndGlobalSection
	GlobalSection(ProjectConfigurationPlatforms) = postSolution
		{911D8C8D-5EC2-4C3D-B2A6-F0FD7BA25666}.Debug|Any CPU.ActiveCfg = Debug|Any CPU
		{911D8C8D-5EC2-4C3D-B2A6-F0FD7BA25666}.Debug|Any CPU.Build.0 = Debug|Any CPU
		{911D8C8D-5EC2-4C3D-B2A6-F0FD7BA25666}.Release|Any CPU.ActiveCfg = Release|Any CPU
		{911D8C8D-5EC2-4C3D-B2A6-F0FD7BA25666}.Release|Any CPU.Build.0 = Release|Any CPU
		{1375AFA4-D1F6-4276-9EF3-97AC88027371}.Debug|Any CPU.ActiveCfg = Debug|Any CPU
		{1375AFA4-D1F6-4276-9EF3-97AC88027371}.Debug|Any CPU.Build.0 = Debug|Any CPU
		{1375AFA4-D1F6-4276-9EF3-97AC88027371}.Release|Any CPU.ActiveCfg = Release|Any CPU
		{1375AFA4-D1F6-4276-9EF3-97AC88027371}.Release|Any CPU.Build.0 = Release|Any CPU
		{8E35A9E6-3F64-46E9-9562-5C0278D5AC2A}.Debug|Any CPU.ActiveCfg = Debug|Any CPU
		{8E35A9E6-3F64-46E9-9562-5C0278D5AC2A}.Debug|Any CPU.Build.0 = Debug|Any CPU
		{8E35A9E6-3F64-46E9-9562-5C0278D5AC2A}.Release|Any CPU.ActiveCfg = Release|Any CPU
		{8E35A9E6-3F64-46E9-9562-5C0278D5AC2A}.Release|Any CPU.Build.0 = Release|Any CPU
		{8F89BA95-8440-4841-811F-922298AD0B77}.Debug|Any CPU.ActiveCfg = Debug|Any CPU
		{8F89BA95-8440-4841-811F-922298AD0B77}.Debug|Any CPU.Build.0 = Debug|Any CPU
		{8F89BA95-8440-4841-811F-922298AD0B77}.Release|Any CPU.ActiveCfg = Release|Any CPU
		{8F89BA95-8440-4841-811F-922298AD0B77}.Release|Any CPU.Build.0 = Release|Any CPU
		{5679FA85-C934-4764-AE44-93736BD73C60}.Debug|Any CPU.ActiveCfg = Debug|Any CPU
		{5679FA85-C934-4764-AE44-93736BD73C60}.Debug|Any CPU.Build.0 = Debug|Any CPU
		{5679FA85-C934-4764-AE44-93736BD73C60}.Release|Any CPU.ActiveCfg = Release|Any CPU
		{5679FA85-C934-4764-AE44-93736BD73C60}.Release|Any CPU.Build.0 = Release|Any CPU
	EndGlobalSection
	GlobalSection(SolutionProperties) = preSolution
		HideSolutionNode = FALSE
	EndGlobalSection
	GlobalSection(ExtensibilityGlobals) = postSolution
		SolutionGuid = {44CF69C4-7728-427E-ACBF-989A889A9A24}
	EndGlobalSection
EndGlobal
